// !$*UTF8*$!
{
	archiveVersion = 1;
	classes = {
	};
	objectVersion = 56;
	objects = {

/* Begin PBXBuildFile section */
		095A282F295D4F59005F8126 /* AppDelegate.swift in Sources */ = {isa = PBXBuildFile; fileRef = 095A282E295D4F59005F8126 /* AppDelegate.swift */; };
		095A2831295D4F59005F8126 /* SceneDelegate.swift in Sources */ = {isa = PBXBuildFile; fileRef = 095A2830295D4F59005F8126 /* SceneDelegate.swift */; };
		095A2833295D4F59005F8126 /* MainViewController.swift in Sources */ = {isa = PBXBuildFile; fileRef = 095A2832295D4F59005F8126 /* MainViewController.swift */; };
		095A2836295D4F59005F8126 /* Main.storyboard in Resources */ = {isa = PBXBuildFile; fileRef = 095A2834295D4F59005F8126 /* Main.storyboard */; };
		095A2838295D4F5B005F8126 /* Assets.xcassets in Resources */ = {isa = PBXBuildFile; fileRef = 095A2837295D4F5B005F8126 /* Assets.xcassets */; };
		095A283B295D4F5B005F8126 /* LaunchScreen.storyboard in Resources */ = {isa = PBXBuildFile; fileRef = 095A2839295D4F5B005F8126 /* LaunchScreen.storyboard */; };
		095A2848295D513A005F8126 /* NetworkingServiceDependancyInjection.swift in Sources */ = {isa = PBXBuildFile; fileRef = 095A2847295D513A005F8126 /* NetworkingServiceDependancyInjection.swift */; };
		095A284B295D51F5005F8126 /* HelperConstants.swift in Sources */ = {isa = PBXBuildFile; fileRef = 095A284A295D51F5005F8126 /* HelperConstants.swift */; };
		095A284D295D6AC8005F8126 /* NetworkingSingletonService.swift in Sources */ = {isa = PBXBuildFile; fileRef = 095A284C295D6AC8005F8126 /* NetworkingSingletonService.swift */; };
		095A2850295D6B82005F8126 /* ResponseError.swift in Sources */ = {isa = PBXBuildFile; fileRef = 095A284F295D6B82005F8126 /* ResponseError.swift */; };
		095A2858295E1154005F8126 /* NetworkingServiceForUnitTestingTests.swift in Sources */ = {isa = PBXBuildFile; fileRef = 095A2857295E1154005F8126 /* NetworkingServiceForUnitTestingTests.swift */; };
		095A285F295E1189005F8126 /* NetworkingSingletonTests.swift in Sources */ = {isa = PBXBuildFile; fileRef = 095A285E295E1189005F8126 /* NetworkingSingletonTests.swift */; };
/* End PBXBuildFile section */

/* Begin PBXContainerItemProxy section */
		095A2859295E1154005F8126 /* PBXContainerItemProxy */ = {
			isa = PBXContainerItemProxy;
			containerPortal = 095A2823295D4F59005F8126 /* Project object */;
			proxyType = 1;
			remoteGlobalIDString = 095A282A295D4F59005F8126;
			remoteInfo = NetworkingServiceForUnitTesting;
		};
/* End PBXContainerItemProxy section */

/* Begin PBXFileReference section */
		095A282B295D4F59005F8126 /* NetworkingServiceForUnitTesting.app */ = {isa = PBXFileReference; explicitFileType = wrapper.application; includeInIndex = 0; path = NetworkingServiceForUnitTesting.app; sourceTree = BUILT_PRODUCTS_DIR; };
		095A282E295D4F59005F8126 /* AppDelegate.swift */ = {isa = PBXFileReference; lastKnownFileType = sourcecode.swift; path = AppDelegate.swift; sourceTree = "<group>"; };
		095A2830295D4F59005F8126 /* SceneDelegate.swift */ = {isa = PBXFileReference; lastKnownFileType = sourcecode.swift; path = SceneDelegate.swift; sourceTree = "<group>"; };
		095A2832295D4F59005F8126 /* MainViewController.swift */ = {isa = PBXFileReference; lastKnownFileType = sourcecode.swift; path = MainViewController.swift; sourceTree = "<group>"; };
		095A2835295D4F59005F8126 /* Base */ = {isa = PBXFileReference; lastKnownFileType = file.storyboard; name = Base; path = Base.lproj/Main.storyboard; sourceTree = "<group>"; };
		095A2837295D4F5B005F8126 /* Assets.xcassets */ = {isa = PBXFileReference; lastKnownFileType = folder.assetcatalog; path = Assets.xcassets; sourceTree = "<group>"; };
		095A283A295D4F5B005F8126 /* Base */ = {isa = PBXFileReference; lastKnownFileType = file.storyboard; name = Base; path = Base.lproj/LaunchScreen.storyboard; sourceTree = "<group>"; };
		095A283C295D4F5B005F8126 /* Info.plist */ = {isa = PBXFileReference; lastKnownFileType = text.plist.xml; path = Info.plist; sourceTree = "<group>"; };
		095A2847295D513A005F8126 /* NetworkingServiceDependancyInjection.swift */ = {isa = PBXFileReference; lastKnownFileType = sourcecode.swift; path = NetworkingServiceDependancyInjection.swift; sourceTree = "<group>"; };
		095A284A295D51F5005F8126 /* HelperConstants.swift */ = {isa = PBXFileReference; lastKnownFileType = sourcecode.swift; path = HelperConstants.swift; sourceTree = "<group>"; };
		095A284C295D6AC8005F8126 /* NetworkingSingletonService.swift */ = {isa = PBXFileReference; lastKnownFileType = sourcecode.swift; path = NetworkingSingletonService.swift; sourceTree = "<group>"; };
		095A284F295D6B82005F8126 /* ResponseError.swift */ = {isa = PBXFileReference; lastKnownFileType = sourcecode.swift; path = ResponseError.swift; sourceTree = "<group>"; };
		095A2855295E1154005F8126 /* NetworkingServiceForUnitTestingTests.xctest */ = {isa = PBXFileReference; explicitFileType = wrapper.cfbundle; includeInIndex = 0; path = NetworkingServiceForUnitTestingTests.xctest; sourceTree = BUILT_PRODUCTS_DIR; };
		095A2857295E1154005F8126 /* NetworkingServiceForUnitTestingTests.swift */ = {isa = PBXFileReference; lastKnownFileType = sourcecode.swift; path = NetworkingServiceForUnitTestingTests.swift; sourceTree = "<group>"; };
		095A285E295E1189005F8126 /* NetworkingSingletonTests.swift */ = {isa = PBXFileReference; lastKnownFileType = sourcecode.swift; path = NetworkingSingletonTests.swift; sourceTree = "<group>"; };
/* End PBXFileReference section */

/* Begin PBXFrameworksBuildPhase section */
		095A2828295D4F59005F8126 /* Frameworks */ = {
			isa = PBXFrameworksBuildPhase;
			buildActionMask = 2147483647;
			files = (
			);
			runOnlyForDeploymentPostprocessing = 0;
		};
		095A2852295E1154005F8126 /* Frameworks */ = {
			isa = PBXFrameworksBuildPhase;
			buildActionMask = 2147483647;
			files = (
			);
			runOnlyForDeploymentPostprocessing = 0;
		};
/* End PBXFrameworksBuildPhase section */

/* Begin PBXGroup section */
		095A2822295D4F59005F8126 = {
			isa = PBXGroup;
			children = (
				095A282D295D4F59005F8126 /* NetworkingServiceForUnitTesting */,
				095A2856295E1154005F8126 /* NetworkingServiceForUnitTestingTests */,
				095A282C295D4F59005F8126 /* Products */,
			);
			sourceTree = "<group>";
		};
		095A282C295D4F59005F8126 /* Products */ = {
			isa = PBXGroup;
			children = (
				095A282B295D4F59005F8126 /* NetworkingServiceForUnitTesting.app */,
				095A2855295E1154005F8126 /* NetworkingServiceForUnitTestingTests.xctest */,
			);
			name = Products;
			sourceTree = "<group>";
		};
		095A282D295D4F59005F8126 /* NetworkingServiceForUnitTesting */ = {
			isa = PBXGroup;
			children = (
				095A284E295D6B44005F8126 /* CustomErrors */,
				095A2849295D51D9005F8126 /* Utilities */,
				095A2844295D50D6005F8126 /* NetworkingService */,
				095A2843295D4FD3005F8126 /* Views */,
				095A2842295D4FC1005F8126 /* ViewControllers */,
				095A282E295D4F59005F8126 /* AppDelegate.swift */,
				095A2830295D4F59005F8126 /* SceneDelegate.swift */,
				095A2837295D4F5B005F8126 /* Assets.xcassets */,
				095A2839295D4F5B005F8126 /* LaunchScreen.storyboard */,
				095A283C295D4F5B005F8126 /* Info.plist */,
			);
			path = NetworkingServiceForUnitTesting;
			sourceTree = "<group>";
		};
		095A2842295D4FC1005F8126 /* ViewControllers */ = {
			isa = PBXGroup;
			children = (
				095A2832295D4F59005F8126 /* MainViewController.swift */,
			);
			path = ViewControllers;
			sourceTree = "<group>";
		};
		095A2843295D4FD3005F8126 /* Views */ = {
			isa = PBXGroup;
			children = (
				095A2834295D4F59005F8126 /* Main.storyboard */,
			);
			path = Views;
			sourceTree = "<group>";
		};
		095A2844295D50D6005F8126 /* NetworkingService */ = {
			isa = PBXGroup;
			children = (
				095A2847295D513A005F8126 /* NetworkingServiceDependancyInjection.swift */,
				095A284C295D6AC8005F8126 /* NetworkingSingletonService.swift */,
			);
			path = NetworkingService;
			sourceTree = "<group>";
		};
		095A2849295D51D9005F8126 /* Utilities */ = {
			isa = PBXGroup;
			children = (
				095A284A295D51F5005F8126 /* HelperConstants.swift */,
			);
			path = Utilities;
			sourceTree = "<group>";
		};
		095A284E295D6B44005F8126 /* CustomErrors */ = {
			isa = PBXGroup;
			children = (
				095A284F295D6B82005F8126 /* ResponseError.swift */,
			);
			path = CustomErrors;
			sourceTree = "<group>";
		};
		095A2856295E1154005F8126 /* NetworkingServiceForUnitTestingTests */ = {
			isa = PBXGroup;
			children = (
				095A2857295E1154005F8126 /* NetworkingServiceForUnitTestingTests.swift */,
				095A285E295E1189005F8126 /* NetworkingSingletonTests.swift */,
			);
			path = NetworkingServiceForUnitTestingTests;
			sourceTree = "<group>";
		};
/* End PBXGroup section */

/* Begin PBXNativeTarget section */
		095A282A295D4F59005F8126 /* NetworkingServiceForUnitTesting */ = {
			isa = PBXNativeTarget;
			buildConfigurationList = 095A283F295D4F5B005F8126 /* Build configuration list for PBXNativeTarget "NetworkingServiceForUnitTesting" */;
			buildPhases = (
				095A2827295D4F59005F8126 /* Sources */,
				095A2828295D4F59005F8126 /* Frameworks */,
				095A2829295D4F59005F8126 /* Resources */,
			);
			buildRules = (
			);
			dependencies = (
			);
			name = NetworkingServiceForUnitTesting;
			productName = NetworkingServiceForUnitTesting;
			productReference = 095A282B295D4F59005F8126 /* NetworkingServiceForUnitTesting.app */;
			productType = "com.apple.product-type.application";
		};
		095A2854295E1154005F8126 /* NetworkingServiceForUnitTestingTests */ = {
			isa = PBXNativeTarget;
			buildConfigurationList = 095A285B295E1154005F8126 /* Build configuration list for PBXNativeTarget "NetworkingServiceForUnitTestingTests" */;
			buildPhases = (
				095A2851295E1154005F8126 /* Sources */,
				095A2852295E1154005F8126 /* Frameworks */,
				095A2853295E1154005F8126 /* Resources */,
			);
			buildRules = (
			);
			dependencies = (
				095A285A295E1154005F8126 /* PBXTargetDependency */,
			);
			name = NetworkingServiceForUnitTestingTests;
			productName = NetworkingServiceForUnitTestingTests;
			productReference = 095A2855295E1154005F8126 /* NetworkingServiceForUnitTestingTests.xctest */;
			productType = "com.apple.product-type.bundle.unit-test";
		};
/* End PBXNativeTarget section */

/* Begin PBXProject section */
		095A2823295D4F59005F8126 /* Project object */ = {
			isa = PBXProject;
			attributes = {
				BuildIndependentTargetsInParallel = 1;
				LastSwiftUpdateCheck = 1420;
				LastUpgradeCheck = 1420;
				TargetAttributes = {
					095A282A295D4F59005F8126 = {
						CreatedOnToolsVersion = 14.2;
					};
					095A2854295E1154005F8126 = {
						CreatedOnToolsVersion = 14.2;
						TestTargetID = 095A282A295D4F59005F8126;
					};
				};
			};
			buildConfigurationList = 095A2826295D4F59005F8126 /* Build configuration list for PBXProject "NetworkingServiceForUnitTesting" */;
			compatibilityVersion = "Xcode 14.0";
			developmentRegion = en;
			hasScannedForEncodings = 0;
			knownRegions = (
				en,
				Base,
			);
			mainGroup = 095A2822295D4F59005F8126;
			productRefGroup = 095A282C295D4F59005F8126 /* Products */;
			projectDirPath = "";
			projectRoot = "";
			targets = (
				095A282A295D4F59005F8126 /* NetworkingServiceForUnitTesting */,
				095A2854295E1154005F8126 /* NetworkingServiceForUnitTestingTests */,
			);
		};
/* End PBXProject section */

/* Begin PBXResourcesBuildPhase section */
		095A2829295D4F59005F8126 /* Resources */ = {
			isa = PBXResourcesBuildPhase;
			buildActionMask = 2147483647;
			files = (
				095A283B295D4F5B005F8126 /* LaunchScreen.storyboard in Resources */,
				095A2838295D4F5B005F8126 /* Assets.xcassets in Resources */,
				095A2836295D4F59005F8126 /* Main.storyboard in Resources */,
			);
			runOnlyForDeploymentPostprocessing = 0;
		};
		095A2853295E1154005F8126 /* Resources */ = {
			isa = PBXResourcesBuildPhase;
			buildActionMask = 2147483647;
			files = (
			);
			runOnlyForDeploymentPostprocessing = 0;
		};
/* End PBXResourcesBuildPhase section */

/* Begin PBXSourcesBuildPhase section */
		095A2827295D4F59005F8126 /* Sources */ = {
			isa = PBXSourcesBuildPhase;
			buildActionMask = 2147483647;
			files = (
				095A2833295D4F59005F8126 /* MainViewController.swift in Sources */,
				095A284B295D51F5005F8126 /* HelperConstants.swift in Sources */,
				095A2848295D513A005F8126 /* NetworkingServiceDependancyInjection.swift in Sources */,
				095A282F295D4F59005F8126 /* AppDelegate.swift in Sources */,
				095A2850295D6B82005F8126 /* ResponseError.swift in Sources */,
				095A2831295D4F59005F8126 /* SceneDelegate.swift in Sources */,
				095A284D295D6AC8005F8126 /* NetworkingSingletonService.swift in Sources */,
			);
			runOnlyForDeploymentPostprocessing = 0;
		};
		095A2851295E1154005F8126 /* Sources */ = {
			isa = PBXSourcesBuildPhase;
			buildActionMask = 2147483647;
			files = (
				095A2858295E1154005F8126 /* NetworkingServiceForUnitTestingTests.swift in Sources */,
				095A285F295E1189005F8126 /* NetworkingSingletonTests.swift in Sources */,
			);
			runOnlyForDeploymentPostprocessing = 0;
		};
/* End PBXSourcesBuildPhase section */

/* Begin PBXTargetDependency section */
		095A285A295E1154005F8126 /* PBXTargetDependency */ = {
			isa = PBXTargetDependency;
			target = 095A282A295D4F59005F8126 /* NetworkingServiceForUnitTesting */;
			targetProxy = 095A2859295E1154005F8126 /* PBXContainerItemProxy */;
		};
/* End PBXTargetDependency section */

/* Begin PBXVariantGroup section */
		095A2834295D4F59005F8126 /* Main.storyboard */ = {
			isa = PBXVariantGroup;
			children = (
				095A2835295D4F59005F8126 /* Base */,
			);
			name = Main.storyboard;
			sourceTree = "<group>";
		};
		095A2839295D4F5B005F8126 /* LaunchScreen.storyboard */ = {
			isa = PBXVariantGroup;
			children = (
				095A283A295D4F5B005F8126 /* Base */,
			);
			name = LaunchScreen.storyboard;
			sourceTree = "<group>";
		};
/* End PBXVariantGroup section */

/* Begin XCBuildConfiguration section */
		095A283D295D4F5B005F8126 /* Debug */ = {
			isa = XCBuildConfiguration;
			buildSettings = {
				ALWAYS_SEARCH_USER_PATHS = NO;
				CLANG_ANALYZER_NONNULL = YES;
				CLANG_ANALYZER_NUMBER_OBJECT_CONVERSION = YES_AGGRESSIVE;
				CLANG_CXX_LANGUAGE_STANDARD = "gnu++20";
				CLANG_ENABLE_MODULES = YES;
				CLANG_ENABLE_OBJC_ARC = YES;
				CLANG_ENABLE_OBJC_WEAK = YES;
				CLANG_WARN_BLOCK_CAPTURE_AUTORELEASING = YES;
				CLANG_WARN_BOOL_CONVERSION = YES;
				CLANG_WARN_COMMA = YES;
				CLANG_WARN_CONSTANT_CONVERSION = YES;
				CLANG_WARN_DEPRECATED_OBJC_IMPLEMENTATIONS = YES;
				CLANG_WARN_DIRECT_OBJC_ISA_USAGE = YES_ERROR;
				CLANG_WARN_DOCUMENTATION_COMMENTS = YES;
				CLANG_WARN_EMPTY_BODY = YES;
				CLANG_WARN_ENUM_CONVERSION = YES;
				CLANG_WARN_INFINITE_RECURSION = YES;
				CLANG_WARN_INT_CONVERSION = YES;
				CLANG_WARN_NON_LITERAL_NULL_CONVERSION = YES;
				CLANG_WARN_OBJC_IMPLICIT_RETAIN_SELF = YES;
				CLANG_WARN_OBJC_LITERAL_CONVERSION = YES;
				CLANG_WARN_OBJC_ROOT_CLASS = YES_ERROR;
				CLANG_WARN_QUOTED_INCLUDE_IN_FRAMEWORK_HEADER = YES;
				CLANG_WARN_RANGE_LOOP_ANALYSIS = YES;
				CLANG_WARN_STRICT_PROTOTYPES = YES;
				CLANG_WARN_SUSPICIOUS_MOVE = YES;
				CLANG_WARN_UNGUARDED_AVAILABILITY = YES_AGGRESSIVE;
				CLANG_WARN_UNREACHABLE_CODE = YES;
				CLANG_WARN__DUPLICATE_METHOD_MATCH = YES;
				COPY_PHASE_STRIP = NO;
				DEBUG_INFORMATION_FORMAT = dwarf;
				ENABLE_STRICT_OBJC_MSGSEND = YES;
				ENABLE_TESTABILITY = YES;
				GCC_C_LANGUAGE_STANDARD = gnu11;
				GCC_DYNAMIC_NO_PIC = NO;
				GCC_NO_COMMON_BLOCKS = YES;
				GCC_OPTIMIZATION_LEVEL = 0;
				GCC_PREPROCESSOR_DEFINITIONS = (
					"DEBUG=1",
					"$(inherited)",
				);
				GCC_WARN_64_TO_32_BIT_CONVERSION = YES;
				GCC_WARN_ABOUT_RETURN_TYPE = YES_ERROR;
				GCC_WARN_UNDECLARED_SELECTOR = YES;
				GCC_WARN_UNINITIALIZED_AUTOS = YES_AGGRESSIVE;
				GCC_WARN_UNUSED_FUNCTION = YES;
				GCC_WARN_UNUSED_VARIABLE = YES;
				IPHONEOS_DEPLOYMENT_TARGET = 16.2;
				MTL_ENABLE_DEBUG_INFO = INCLUDE_SOURCE;
				MTL_FAST_MATH = YES;
				ONLY_ACTIVE_ARCH = YES;
				SDKROOT = iphoneos;
				SWIFT_ACTIVE_COMPILATION_CONDITIONS = DEBUG;
				SWIFT_OPTIMIZATION_LEVEL = "-Onone";
			};
			name = Debug;
		};
		095A283E295D4F5B005F8126 /* Release */ = {
			isa = XCBuildConfiguration;
			buildSettings = {
				ALWAYS_SEARCH_USER_PATHS = NO;
				CLANG_ANALYZER_NONNULL = YES;
				CLANG_ANALYZER_NUMBER_OBJECT_CONVERSION = YES_AGGRESSIVE;
				CLANG_CXX_LANGUAGE_STANDARD = "gnu++20";
				CLANG_ENABLE_MODULES = YES;
				CLANG_ENABLE_OBJC_ARC = YES;
				CLANG_ENABLE_OBJC_WEAK = YES;
				CLANG_WARN_BLOCK_CAPTURE_AUTORELEASING = YES;
				CLANG_WARN_BOOL_CONVERSION = YES;
				CLANG_WARN_COMMA = YES;
				CLANG_WARN_CONSTANT_CONVERSION = YES;
				CLANG_WARN_DEPRECATED_OBJC_IMPLEMENTATIONS = YES;
				CLANG_WARN_DIRECT_OBJC_ISA_USAGE = YES_ERROR;
				CLANG_WARN_DOCUMENTATION_COMMENTS = YES;
				CLANG_WARN_EMPTY_BODY = YES;
				CLANG_WARN_ENUM_CONVERSION = YES;
				CLANG_WARN_INFINITE_RECURSION = YES;
				CLANG_WARN_INT_CONVERSION = YES;
				CLANG_WARN_NON_LITERAL_NULL_CONVERSION = YES;
				CLANG_WARN_OBJC_IMPLICIT_RETAIN_SELF = YES;
				CLANG_WARN_OBJC_LITERAL_CONVERSION = YES;
				CLANG_WARN_OBJC_ROOT_CLASS = YES_ERROR;
				CLANG_WARN_QUOTED_INCLUDE_IN_FRAMEWORK_HEADER = YES;
				CLANG_WARN_RANGE_LOOP_ANALYSIS = YES;
				CLANG_WARN_STRICT_PROTOTYPES = YES;
				CLANG_WARN_SUSPICIOUS_MOVE = YES;
				CLANG_WARN_UNGUARDED_AVAILABILITY = YES_AGGRESSIVE;
				CLANG_WARN_UNREACHABLE_CODE = YES;
				CLANG_WARN__DUPLICATE_METHOD_MATCH = YES;
				COPY_PHASE_STRIP = NO;
				DEBUG_INFORMATION_FORMAT = "dwarf-with-dsym";
				ENABLE_NS_ASSERTIONS = NO;
				ENABLE_STRICT_OBJC_MSGSEND = YES;
				GCC_C_LANGUAGE_STANDARD = gnu11;
				GCC_NO_COMMON_BLOCKS = YES;
				GCC_WARN_64_TO_32_BIT_CONVERSION = YES;
				GCC_WARN_ABOUT_RETURN_TYPE = YES_ERROR;
				GCC_WARN_UNDECLARED_SELECTOR = YES;
				GCC_WARN_UNINITIALIZED_AUTOS = YES_AGGRESSIVE;
				GCC_WARN_UNUSED_FUNCTION = YES;
				GCC_WARN_UNUSED_VARIABLE = YES;
				IPHONEOS_DEPLOYMENT_TARGET = 16.2;
				MTL_ENABLE_DEBUG_INFO = NO;
				MTL_FAST_MATH = YES;
				SDKROOT = iphoneos;
				SWIFT_COMPILATION_MODE = wholemodule;
				SWIFT_OPTIMIZATION_LEVEL = "-O";
				VALIDATE_PRODUCT = YES;
			};
			name = Release;
		};
		095A2840295D4F5B005F8126 /* Debug */ = {
			isa = XCBuildConfiguration;
			buildSettings = {
				ASSETCATALOG_COMPILER_APPICON_NAME = AppIcon;
				ASSETCATALOG_COMPILER_GLOBAL_ACCENT_COLOR_NAME = AccentColor;
				CODE_SIGN_STYLE = Automatic;
				CURRENT_PROJECT_VERSION = 1;
				DEVELOPMENT_TEAM = 93TAG27MAJ;
				GENERATE_INFOPLIST_FILE = YES;
				INFOPLIST_FILE = NetworkingServiceForUnitTesting/Info.plist;
				INFOPLIST_KEY_UIApplicationSupportsIndirectInputEvents = YES;
				INFOPLIST_KEY_UILaunchStoryboardName = LaunchScreen;
				INFOPLIST_KEY_UIMainStoryboardFile = Main;
				INFOPLIST_KEY_UISupportedInterfaceOrientations_iPad = "UIInterfaceOrientationPortrait UIInterfaceOrientationPortraitUpsideDown UIInterfaceOrientationLandscapeLeft UIInterfaceOrientationLandscapeRight";
				INFOPLIST_KEY_UISupportedInterfaceOrientations_iPhone = "UIInterfaceOrientationPortrait UIInterfaceOrientationLandscapeLeft UIInterfaceOrientationLandscapeRight";
				LD_RUNPATH_SEARCH_PATHS = (
					"$(inherited)",
					"@executable_path/Frameworks",
				);
				MARKETING_VERSION = 1.0;
				PRODUCT_BUNDLE_IDENTIFIER = com.GroverTech.NetworkingServiceForUnitTesting;
				PRODUCT_NAME = "$(TARGET_NAME)";
				SWIFT_EMIT_LOC_STRINGS = YES;
				SWIFT_VERSION = 5.0;
				TARGETED_DEVICE_FAMILY = "1,2";
			};
			name = Debug;
		};
		095A2841295D4F5B005F8126 /* Release */ = {
			isa = XCBuildConfiguration;
			buildSettings = {
				ASSETCATALOG_COMPILER_APPICON_NAME = AppIcon;
				ASSETCATALOG_COMPILER_GLOBAL_ACCENT_COLOR_NAME = AccentColor;
				CODE_SIGN_STYLE = Automatic;
				CURRENT_PROJECT_VERSION = 1;
				DEVELOPMENT_TEAM = 93TAG27MAJ;
				GENERATE_INFOPLIST_FILE = YES;
				INFOPLIST_FILE = NetworkingServiceForUnitTesting/Info.plist;
				INFOPLIST_KEY_UIApplicationSupportsIndirectInputEvents = YES;
				INFOPLIST_KEY_UILaunchStoryboardName = LaunchScreen;
				INFOPLIST_KEY_UIMainStoryboardFile = Main;
				INFOPLIST_KEY_UISupportedInterfaceOrientations_iPad = "UIInterfaceOrientationPortrait UIInterfaceOrientationPortraitUpsideDown UIInterfaceOrientationLandscapeLeft UIInterfaceOrientationLandscapeRight";
				INFOPLIST_KEY_UISupportedInterfaceOrientations_iPhone = "UIInterfaceOrientationPortrait UIInterfaceOrientationLandscapeLeft UIInterfaceOrientationLandscapeRight";
				LD_RUNPATH_SEARCH_PATHS = (
					"$(inherited)",
					"@executable_path/Frameworks",
				);
				MARKETING_VERSION = 1.0;
				PRODUCT_BUNDLE_IDENTIFIER = com.GroverTech.NetworkingServiceForUnitTesting;
				PRODUCT_NAME = "$(TARGET_NAME)";
				SWIFT_EMIT_LOC_STRINGS = YES;
				SWIFT_VERSION = 5.0;
				TARGETED_DEVICE_FAMILY = "1,2";
			};
			name = Release;
		};
		095A285C295E1154005F8126 /* Debug */ = {
			isa = XCBuildConfiguration;
			buildSettings = {
				BUNDLE_LOADER = "$(TEST_HOST)";
				CODE_SIGN_STYLE = Automatic;
				CURRENT_PROJECT_VERSION = 1;
				DEVELOPMENT_TEAM = 93TAG27MAJ;
				GENERATE_INFOPLIST_FILE = YES;
				MARKETING_VERSION = 1.0;
				PRODUCT_BUNDLE_IDENTIFIER = com.GroverTech.NetworkingServiceForUnitTestingTests;
				PRODUCT_NAME = "$(TARGET_NAME)";
				SWIFT_EMIT_LOC_STRINGS = NO;
				SWIFT_VERSION = 5.0;
				TARGETED_DEVICE_FAMILY = "1,2";
				TEST_HOST = "$(BUILT_PRODUCTS_DIR)/NetworkingServiceForUnitTesting.app/$(BUNDLE_EXECUTABLE_FOLDER_PATH)/NetworkingServiceForUnitTesting";
			};
			name = Debug;
		};
		095A285D295E1154005F8126 /* Release */ = {
			isa = XCBuildConfiguration;
			buildSettings = {
				BUNDLE_LOADER = "$(TEST_HOST)";
				CODE_SIGN_STYLE = Automatic;
				CURRENT_PROJECT_VERSION = 1;
				DEVELOPMENT_TEAM = 93TAG27MAJ;
				GENERATE_INFOPLIST_FILE = YES;
				MARKETING_VERSION = 1.0;
				PRODUCT_BUNDLE_IDENTIFIER = com.GroverTech.NetworkingServiceForUnitTestingTests;
				PRODUCT_NAME = "$(TARGET_NAME)";
				SWIFT_EMIT_LOC_STRINGS = NO;
				SWIFT_VERSION = 5.0;
				TARGETED_DEVICE_FAMILY = "1,2";
				TEST_HOST = "$(BUILT_PRODUCTS_DIR)/NetworkingServiceForUnitTesting.app/$(BUNDLE_EXECUTABLE_FOLDER_PATH)/NetworkingServiceForUnitTesting";
			};
			name = Release;
		};
/* End XCBuildConfiguration section */

/* Begin XCConfigurationList section */
		095A2826295D4F59005F8126 /* Build configuration list for PBXProject "NetworkingServiceForUnitTesting" */ = {
			isa = XCConfigurationList;
			buildConfigurations = (
				095A283D295D4F5B005F8126 /* Debug */,
				095A283E295D4F5B005F8126 /* Release */,
			);
			defaultConfigurationIsVisible = 0;
			defaultConfigurationName = Release;
		};
		095A283F295D4F5B005F8126 /* Build configuration list for PBXNativeTarget "NetworkingServiceForUnitTesting" */ = {
			isa = XCConfigurationList;
			buildConfigurations = (
				095A2840295D4F5B005F8126 /* Debug */,
				095A2841295D4F5B005F8126 /* Release */,
			);
			defaultConfigurationIsVisible = 0;
			defaultConfigurationName = Release;
		};
		095A285B295E1154005F8126 /* Build configuration list for PBXNativeTarget "NetworkingServiceForUnitTestingTests" */ = {
			isa = XCConfigurationList;
			buildConfigurations = (
				095A285C295E1154005F8126 /* Debug */,
				095A285D295E1154005F8126 /* Release */,
			);
			defaultConfigurationIsVisible = 0;
			defaultConfigurationName = Release;
		};
/* End XCConfigurationList section */
	};
	rootObject = 095A2823295D4F59005F8126 /* Project object */;
}
